
Microsoft Visual Studio Solution File, Format Version 12.00
# Visual Studio Version 16
VisualStudioVersion = 16.0.29613.14
MinimumVisualStudioVersion = 10.0.40219.1
Project("{FAE04EC0-301F-11D3-BF4B-00C04F79EFBC}") = "ExtendingIdentityDemo", "ExtendingIdentityDemo\ExtendingIdentityDemo.csproj", "{C6590339-E0FB-4D07-811E-9E8E399497FE}"
EndProject
Global
	GlobalSection(SolutionConfigurationPlatforms) = preSolution
		Debug|Any CPU = Debug|Any CPU
		Release|Any CPU = Release|Any CPU
	EndGlobalSection
	GlobalSection(ProjectConfigurationPlatforms) = postSolution
		{C6590339-E0FB-4D07-811E-9E8E399497FE}.Debug|Any CPU.ActiveCfg = Debug|Any CPU
		{C6590339-E0FB-4D07-811E-9E8E399497FE}.Debug|Any CPU.Build.0 = Debug|Any CPU
		{C6590339-E0FB-4D07-811E-9E8E399497FE}.Release|Any CPU.ActiveCfg = Release|Any CPU
		{C6590339-E0FB-4D07-811E-9E8E399497FE}.Release|Any CPU.Build.0 = Release|Any CPU
	EndGlobalSection
	GlobalSection(SolutionProperties) = preSolution
		HideSolutionNode = FALSE
	EndGlobalSection
	GlobalSection(ExtensibilityGlobals) = postSolution
		SolutionGuid = {EE577CB4-3B21-4FAC-94A2-915704DF8341}
	EndGlobalSection
EndGlobal
